
Microsoft Visual Studio Solution File, Format Version 12.00
# Visual Studio Version 17
VisualStudioVersion = 17.14.36127.28 d17.14
MinimumVisualStudioVersion = 10.0.40219.1
Project("{FAE04EC0-301F-11D3-BF4B-00C04F79EFBC}") = "LAB03_Throwing_Custom_Exception", "LAB03_Throwing_Custom_Exception\LAB03_Throwing_Custom_Exception.csproj", "{E9D5F7AF-0336-43D5-8751-8983A4DA6D88}"
EndProject
Global
	GlobalSection(SolutionConfigurationPlatforms) = preSolution
		Debug|Any CPU = Debug|Any CPU
		Release|Any CPU = Release|Any CPU
	EndGlobalSection
	GlobalSection(ProjectConfigurationPlatforms) = postSolution
		{E9D5F7AF-0336-43D5-8751-8983A4DA6D88}.Debug|Any CPU.ActiveCfg = Debug|Any CPU
		{E9D5F7AF-0336-43D5-8751-8983A4DA6D88}.Debug|Any CPU.Build.0 = Debug|Any CPU
		{E9D5F7AF-0336-43D5-8751-8983A4DA6D88}.Release|Any CPU.ActiveCfg = Release|Any CPU
		{E9D5F7AF-0336-43D5-8751-8983A4DA6D88}.Release|Any CPU.Build.0 = Release|Any CPU
	EndGlobalSection
	GlobalSection(SolutionProperties) = preSolution
		HideSolutionNode = FALSE
	EndGlobalSection
	GlobalSection(ExtensibilityGlobals) = postSolution
		SolutionGuid = {57DB9ABD-A9F7-4AD7-B653-68A84F1F0343}
	EndGlobalSection
EndGlobal
